
Microsoft Visual Studio Solution File, Format Version 12.00
# Visual Studio 15
VisualStudioVersion = 15.0.28307.168
MinimumVisualStudioVersion = 10.0.40219.1
Project("{2150E333-8FDC-42A3-9474-1A3956D46DE8}") = "src", "src", "{EC16D33B-D132-415D-9A54-97DA30233406}"
EndProject
Project("{2150E333-8FDC-42A3-9474-1A3956D46DE8}") = "services", "services", "{D9CA2DCB-5170-4F7A-BC39-E9DF3467F9AA}"
EndProject
Project("{9A19103F-16F7-4668-BE54-9A1E7A4F7556}") = "ProductCatalogAPI", "ProductCatalogAPI\ProductCatalogAPI.csproj", "{8D95B4E0-F730-4DFE-9856-F85AA0EAD30E}"
EndProject
Project("{2150E333-8FDC-42A3-9474-1A3956D46DE8}") = "Web", "Web", "{0554BDD5-0535-467C-A27F-E1469E70AF26}"
EndProject
Project("{9A19103F-16F7-4668-BE54-9A1E7A4F7556}") = "WebMvc", "WebMvc\WebMvc.csproj", "{9A238255-B341-4E5D-97E2-BA1E6A494015}"
EndProject
Project("{E53339B2-1760-4266-BCC7-CA923CBCF16C}") = "docker-compose", "docker-compose.dcproj", "{A8C5F848-BAC6-4C1D-AD99-04DB73B99C3F}"
EndProject
Project("{9A19103F-16F7-4668-BE54-9A1E7A4F7556}") = "TokenServiceApi", "TokenServiceApi\TokenServiceApi.csproj", "{C7B63AE8-A09B-4FDC-A8DB-84471469F91C}"
EndProject
Project("{9A19103F-16F7-4668-BE54-9A1E7A4F7556}") = "CartApi", "CartApi\CartApi.csproj", "{FFEA4ED3-883F-4724-AA8C-B6A7EB282EE2}"
EndProject
Project("{9A19103F-16F7-4668-BE54-9A1E7A4F7556}") = "OrderApi", "OrderApi\OrderApi.csproj", "{B8C68140-2772-432C-8B84-1A587CF49986}"
EndProject
Global
	GlobalSection(SolutionConfigurationPlatforms) = preSolution
		Debug|Any CPU = Debug|Any CPU
		Debug|x64 = Debug|x64
		Release|Any CPU = Release|Any CPU
		Release|x64 = Release|x64
	EndGlobalSection
	GlobalSection(ProjectConfigurationPlatforms) = postSolution
		{8D95B4E0-F730-4DFE-9856-F85AA0EAD30E}.Debug|Any CPU.ActiveCfg = Debug|Any CPU
		{8D95B4E0-F730-4DFE-9856-F85AA0EAD30E}.Debug|Any CPU.Build.0 = Debug|Any CPU
		{8D95B4E0-F730-4DFE-9856-F85AA0EAD30E}.Debug|x64.ActiveCfg = Debug|Any CPU
		{8D95B4E0-F730-4DFE-9856-F85AA0EAD30E}.Debug|x64.Build.0 = Debug|Any CPU
		{8D95B4E0-F730-4DFE-9856-F85AA0EAD30E}.Release|Any CPU.ActiveCfg = Release|Any CPU
		{8D95B4E0-F730-4DFE-9856-F85AA0EAD30E}.Release|Any CPU.Build.0 = Release|Any CPU
		{8D95B4E0-F730-4DFE-9856-F85AA0EAD30E}.Release|x64.ActiveCfg = Release|Any CPU
		{8D95B4E0-F730-4DFE-9856-F85AA0EAD30E}.Release|x64.Build.0 = Release|Any CPU
		{9A238255-B341-4E5D-97E2-BA1E6A494015}.Debug|Any CPU.ActiveCfg = Debug|Any CPU
		{9A238255-B341-4E5D-97E2-BA1E6A494015}.Debug|Any CPU.Build.0 = Debug|Any CPU
		{9A238255-B341-4E5D-97E2-BA1E6A494015}.Debug|x64.ActiveCfg = Debug|Any CPU
		{9A238255-B341-4E5D-97E2-BA1E6A494015}.Debug|x64.Build.0 = Debug|Any CPU
		{9A238255-B341-4E5D-97E2-BA1E6A494015}.Release|Any CPU.ActiveCfg = Release|Any CPU
		{9A238255-B341-4E5D-97E2-BA1E6A494015}.Release|Any CPU.Build.0 = Release|Any CPU
		{9A238255-B341-4E5D-97E2-BA1E6A494015}.Release|x64.ActiveCfg = Release|Any CPU
		{9A238255-B341-4E5D-97E2-BA1E6A494015}.Release|x64.Build.0 = Release|Any CPU
		{A8C5F848-BAC6-4C1D-AD99-04DB73B99C3F}.Debug|Any CPU.ActiveCfg = Debug|Any CPU
		{A8C5F848-BAC6-4C1D-AD99-04DB73B99C3F}.Debug|Any CPU.Build.0 = Debug|Any CPU
		{A8C5F848-BAC6-4C1D-AD99-04DB73B99C3F}.Debug|x64.ActiveCfg = Debug|Any CPU
		{A8C5F848-BAC6-4C1D-AD99-04DB73B99C3F}.Debug|x64.Build.0 = Debug|Any CPU
		{A8C5F848-BAC6-4C1D-AD99-04DB73B99C3F}.Release|Any CPU.ActiveCfg = Release|Any CPU
		{A8C5F848-BAC6-4C1D-AD99-04DB73B99C3F}.Release|Any CPU.Build.0 = Release|Any CPU
		{A8C5F848-BAC6-4C1D-AD99-04DB73B99C3F}.Release|x64.ActiveCfg = Release|Any CPU
		{A8C5F848-BAC6-4C1D-AD99-04DB73B99C3F}.Release|x64.Build.0 = Release|Any CPU
		{C7B63AE8-A09B-4FDC-A8DB-84471469F91C}.Debug|Any CPU.ActiveCfg = Debug|Any CPU
		{C7B63AE8-A09B-4FDC-A8DB-84471469F91C}.Debug|Any CPU.Build.0 = Debug|Any CPU
		{C7B63AE8-A09B-4FDC-A8DB-84471469F91C}.Debug|x64.ActiveCfg = Debug|Any CPU
		{C7B63AE8-A09B-4FDC-A8DB-84471469F91C}.Debug|x64.Build.0 = Debug|Any CPU
		{C7B63AE8-A09B-4FDC-A8DB-84471469F91C}.Release|Any CPU.ActiveCfg = Release|Any CPU
		{C7B63AE8-A09B-4FDC-A8DB-84471469F91C}.Release|Any CPU.Build.0 = Release|Any CPU
		{C7B63AE8-A09B-4FDC-A8DB-84471469F91C}.Release|x64.ActiveCfg = Release|Any CPU
		{C7B63AE8-A09B-4FDC-A8DB-84471469F91C}.Release|x64.Build.0 = Release|Any CPU
		{FFEA4ED3-883F-4724-AA8C-B6A7EB282EE2}.Debug|Any CPU.ActiveCfg = Debug|Any CPU
		{FFEA4ED3-883F-4724-AA8C-B6A7EB282EE2}.Debug|Any CPU.Build.0 = Debug|Any CPU
		{FFEA4ED3-883F-4724-AA8C-B6A7EB282EE2}.Debug|x64.ActiveCfg = Debug|Any CPU
		{FFEA4ED3-883F-4724-AA8C-B6A7EB282EE2}.Debug|x64.Build.0 = Debug|Any CPU
		{FFEA4ED3-883F-4724-AA8C-B6A7EB282EE2}.Release|Any CPU.ActiveCfg = Release|Any CPU
		{FFEA4ED3-883F-4724-AA8C-B6A7EB282EE2}.Release|Any CPU.Build.0 = Release|Any CPU
		{FFEA4ED3-883F-4724-AA8C-B6A7EB282EE2}.Release|x64.ActiveCfg = Release|Any CPU
		{FFEA4ED3-883F-4724-AA8C-B6A7EB282EE2}.Release|x64.Build.0 = Release|Any CPU
		{B8C68140-2772-432C-8B84-1A587CF49986}.Debug|Any CPU.ActiveCfg = Debug|Any CPU
		{B8C68140-2772-432C-8B84-1A587CF49986}.Debug|Any CPU.Build.0 = Debug|Any CPU
		{B8C68140-2772-432C-8B84-1A587CF49986}.Debug|x64.ActiveCfg = Debug|Any CPU
		{B8C68140-2772-432C-8B84-1A587CF49986}.Debug|x64.Build.0 = Debug|Any CPU
		{B8C68140-2772-432C-8B84-1A587CF49986}.Release|Any CPU.ActiveCfg = Release|Any CPU
		{B8C68140-2772-432C-8B84-1A587CF49986}.Release|Any CPU.Build.0 = Release|Any CPU
		{B8C68140-2772-432C-8B84-1A587CF49986}.Release|x64.ActiveCfg = Release|Any CPU
		{B8C68140-2772-432C-8B84-1A587CF49986}.Release|x64.Build.0 = Release|Any CPU
	EndGlobalSection
	GlobalSection(SolutionProperties) = preSolution
		HideSolutionNode = FALSE
	EndGlobalSection
	GlobalSection(NestedProjects) = preSolution
		{D9CA2DCB-5170-4F7A-BC39-E9DF3467F9AA} = {EC16D33B-D132-415D-9A54-97DA30233406}
		{8D95B4E0-F730-4DFE-9856-F85AA0EAD30E} = {D9CA2DCB-5170-4F7A-BC39-E9DF3467F9AA}
		{0554BDD5-0535-467C-A27F-E1469E70AF26} = {EC16D33B-D132-415D-9A54-97DA30233406}
		{9A238255-B341-4E5D-97E2-BA1E6A494015} = {0554BDD5-0535-467C-A27F-E1469E70AF26}
		{C7B63AE8-A09B-4FDC-A8DB-84471469F91C} = {D9CA2DCB-5170-4F7A-BC39-E9DF3467F9AA}
		{FFEA4ED3-883F-4724-AA8C-B6A7EB282EE2} = {D9CA2DCB-5170-4F7A-BC39-E9DF3467F9AA}
		{B8C68140-2772-432C-8B84-1A587CF49986} = {D9CA2DCB-5170-4F7A-BC39-E9DF3467F9AA}
	EndGlobalSection
	GlobalSection(ExtensibilityGlobals) = postSolution
		SolutionGuid = {27498470-02F8-4E8B-A7E4-D67BF0F542F9}
	EndGlobalSection
EndGlobal
